
Microsoft Visual Studio Solution File, Format Version 12.00
# Visual Studio Version 17
VisualStudioVersion = 17.13.35913.81
MinimumVisualStudioVersion = 10.0.40219.1
Project("{FAE04EC0-301F-11D3-BF4B-00C04F79EFBC}") = "EliteFit.Domain", "EliteFit.Domain\EliteFit.Domain.csproj", "{9DD2BD26-BB71-441A-B5CC-0E7BBD581ABF}"
EndProject
Project("{FAE04EC0-301F-11D3-BF4B-00C04F79EFBC}") = "EliteFit.Application", "EliteFit.Application\EliteFit.Application.csproj", "{165848EA-F2E9-4F51-94F4-052CDB7B9D29}"
EndProject
Project("{FAE04EC0-301F-11D3-BF4B-00C04F79EFBC}") = "EliteFit.Infrastructure", "EliteFit.Infrastructure\EliteFit.Infrastructure.csproj", "{06332A85-2B1B-45D0-A3F3-CEA008E52509}"
EndProject
Project("{FAE04EC0-301F-11D3-BF4B-00C04F79EFBC}") = "EliteFit.Persistence", "EliteFit.Persistence\EliteFit.Persistence.csproj", "{B209D427-1972-440D-B706-6F561185BCDC}"
EndProject
Project("{FAE04EC0-301F-11D3-BF4B-00C04F79EFBC}") = "EliteFit.Api", "EliteFit.Api\EliteFit.Api.csproj", "{CDD34877-5CBE-759C-26A0-FA65A2788C44}"
EndProject
Global
	GlobalSection(SolutionConfigurationPlatforms) = preSolution
		Debug|Any CPU = Debug|Any CPU
		Release|Any CPU = Release|Any CPU
	EndGlobalSection
	GlobalSection(ProjectConfigurationPlatforms) = postSolution
		{9DD2BD26-BB71-441A-B5CC-0E7BBD581ABF}.Debug|Any CPU.ActiveCfg = Debug|Any CPU
		{9DD2BD26-BB71-441A-B5CC-0E7BBD581ABF}.Debug|Any CPU.Build.0 = Debug|Any CPU
		{9DD2BD26-BB71-441A-B5CC-0E7BBD581ABF}.Release|Any CPU.ActiveCfg = Release|Any CPU
		{9DD2BD26-BB71-441A-B5CC-0E7BBD581ABF}.Release|Any CPU.Build.0 = Release|Any CPU
		{165848EA-F2E9-4F51-94F4-052CDB7B9D29}.Debug|Any CPU.ActiveCfg = Debug|Any CPU
		{165848EA-F2E9-4F51-94F4-052CDB7B9D29}.Debug|Any CPU.Build.0 = Debug|Any CPU
		{165848EA-F2E9-4F51-94F4-052CDB7B9D29}.Release|Any CPU.ActiveCfg = Release|Any CPU
		{165848EA-F2E9-4F51-94F4-052CDB7B9D29}.Release|Any CPU.Build.0 = Release|Any CPU
		{06332A85-2B1B-45D0-A3F3-CEA008E52509}.Debug|Any CPU.ActiveCfg = Debug|Any CPU
		{06332A85-2B1B-45D0-A3F3-CEA008E52509}.Debug|Any CPU.Build.0 = Debug|Any CPU
		{06332A85-2B1B-45D0-A3F3-CEA008E52509}.Release|Any CPU.ActiveCfg = Release|Any CPU
		{06332A85-2B1B-45D0-A3F3-CEA008E52509}.Release|Any CPU.Build.0 = Release|Any CPU
		{B209D427-1972-440D-B706-6F561185BCDC}.Debug|Any CPU.ActiveCfg = Debug|Any CPU
		{B209D427-1972-440D-B706-6F561185BCDC}.Debug|Any CPU.Build.0 = Debug|Any CPU
		{B209D427-1972-440D-B706-6F561185BCDC}.Release|Any CPU.ActiveCfg = Release|Any CPU
		{B209D427-1972-440D-B706-6F561185BCDC}.Release|Any CPU.Build.0 = Release|Any CPU
		{CDD34877-5CBE-759C-26A0-FA65A2788C44}.Debug|Any CPU.ActiveCfg = Debug|Any CPU
		{CDD34877-5CBE-759C-26A0-FA65A2788C44}.Debug|Any CPU.Build.0 = Debug|Any CPU
		{CDD34877-5CBE-759C-26A0-FA65A2788C44}.Release|Any CPU.ActiveCfg = Release|Any CPU
		{CDD34877-5CBE-759C-26A0-FA65A2788C44}.Release|Any CPU.Build.0 = Release|Any CPU
	EndGlobalSection
	GlobalSection(SolutionProperties) = preSolution
		HideSolutionNode = FALSE
	EndGlobalSection
	GlobalSection(ExtensibilityGlobals) = postSolution
		SolutionGuid = {57FD0BAC-D8E5-4909-995F-773EC13D73CA}
	EndGlobalSection
EndGlobal
